// !$*UTF8*$!
{
	archiveVersion = 1;
	classes = {
	};
	objectVersion = 46;
	objects = {

/* Begin PBXBuildFile section */
		66DBFB8C1B170D3E00A8F842 /* AppDelegate.swift in Sources */ = {isa = PBXBuildFile; fileRef = 66DBFB8B1B170D3E00A8F842 /* AppDelegate.swift */; };
		66DBFB8E1B170D3E00A8F842 /* SegueTestViewController.swift in Sources */ = {isa = PBXBuildFile; fileRef = 66DBFB8D1B170D3E00A8F842 /* SegueTestViewController.swift */; };
		66DBFB911B170D3E00A8F842 /* Main.storyboard in Resources */ = {isa = PBXBuildFile; fileRef = 66DBFB8F1B170D3E00A8F842 /* Main.storyboard */; };
		66DBFB931B170D3E00A8F842 /* Images.xcassets in Resources */ = {isa = PBXBuildFile; fileRef = 66DBFB921B170D3E00A8F842 /* Images.xcassets */; };
		66DBFB961B170D3E00A8F842 /* LaunchScreen.xib in Resources */ = {isa = PBXBuildFile; fileRef = 66DBFB941B170D3E00A8F842 /* LaunchScreen.xib */; };
		66DBFBA21B170D3E00A8F842 /* SeguesTests.swift in Sources */ = {isa = PBXBuildFile; fileRef = 66DBFBA11B170D3E00A8F842 /* SeguesTests.swift */; };
		66DBFBAD1B170FA300A8F842 /* SegueSecondViewController.swift in Sources */ = {isa = PBXBuildFile; fileRef = 66DBFBAC1B170FA300A8F842 /* SegueSecondViewController.swift */; };
/* End PBXBuildFile section */

/* Begin PBXContainerItemProxy section */
		66DBFB9C1B170D3E00A8F842 /* PBXContainerItemProxy */ = {
			isa = PBXContainerItemProxy;
			containerPortal = 66DBFB7E1B170D3E00A8F842 /* Project object */;
			proxyType = 1;
			remoteGlobalIDString = 66DBFB851B170D3E00A8F842;
			remoteInfo = Segues;
		};
/* End PBXContainerItemProxy section */

/* Begin PBXFileReference section */
		66DBFB861B170D3E00A8F842 /* Segues.app */ = {isa = PBXFileReference; explicitFileType = wrapper.application; includeInIndex = 0; path = Segues.app; sourceTree = BUILT_PRODUCTS_DIR; };
		66DBFB8A1B170D3E00A8F842 /* Info.plist */ = {isa = PBXFileReference; lastKnownFileType = text.plist.xml; path = Info.plist; sourceTree = "<group>"; };
		66DBFB8B1B170D3E00A8F842 /* AppDelegate.swift */ = {isa = PBXFileReference; lastKnownFileType = sourcecode.swift; path = AppDelegate.swift; sourceTree = "<group>"; };
		66DBFB8D1B170D3E00A8F842 /* SegueTestViewController.swift */ = {isa = PBXFileReference; lastKnownFileType = sourcecode.swift; name = SegueTestViewController.swift; path = Segues/SegueTestViewController.swift; sourceTree = "<group>"; };
		66DBFB901B170D3E00A8F842 /* Base */ = {isa = PBXFileReference; lastKnownFileType = file.storyboard; name = Base; path = Base.lproj/Main.storyboard; sourceTree = "<group>"; };
		66DBFB921B170D3E00A8F842 /* Images.xcassets */ = {isa = PBXFileReference; lastKnownFileType = folder.assetcatalog; path = Images.xcassets; sourceTree = "<group>"; };
		66DBFB951B170D3E00A8F842 /* Base */ = {isa = PBXFileReference; lastKnownFileType = file.xib; name = Base; path = Base.lproj/LaunchScreen.xib; sourceTree = "<group>"; };
		66DBFB9B1B170D3E00A8F842 /* SeguesTests.xctest */ = {isa = PBXFileReference; explicitFileType = wrapper.cfbundle; includeInIndex = 0; path = SeguesTests.xctest; sourceTree = BUILT_PRODUCTS_DIR; };
		66DBFBA01B170D3E00A8F842 /* Info.plist */ = {isa = PBXFileReference; lastKnownFileType = text.plist.xml; path = Info.plist; sourceTree = "<group>"; };
		66DBFBA11B170D3E00A8F842 /* SeguesTests.swift */ = {isa = PBXFileReference; lastKnownFileType = sourcecode.swift; path = SeguesTests.swift; sourceTree = "<group>"; };
		66DBFBAC1B170FA300A8F842 /* SegueSecondViewController.swift */ = {isa = PBXFileReference; fileEncoding = 4; lastKnownFileType = sourcecode.swift; name = SegueSecondViewController.swift; path = Segues/SegueSecondViewController.swift; sourceTree = "<group>"; };
/* End PBXFileReference section */

/* Begin PBXFrameworksBuildPhase section */
		66DBFB831B170D3E00A8F842 /* Frameworks */ = {
			isa = PBXFrameworksBuildPhase;
			buildActionMask = 2147483647;
			files = (
			);
			runOnlyForDeploymentPostprocessing = 0;
		};
		66DBFB981B170D3E00A8F842 /* Frameworks */ = {
			isa = PBXFrameworksBuildPhase;
			buildActionMask = 2147483647;
			files = (
			);
			runOnlyForDeploymentPostprocessing = 0;
		};
/* End PBXFrameworksBuildPhase section */

/* Begin PBXGroup section */
		66DBFB7D1B170D3E00A8F842 = {
			isa = PBXGroup;
			children = (
				66DBFBAB1B170D7700A8F842 /* View Controllers */,
				66DBFB881B170D3E00A8F842 /* Segues */,
				66DBFB9E1B170D3E00A8F842 /* SeguesTests */,
				66DBFB871B170D3E00A8F842 /* Products */,
			);
			sourceTree = "<group>";
		};
		66DBFB871B170D3E00A8F842 /* Products */ = {
			isa = PBXGroup;
			children = (
				66DBFB861B170D3E00A8F842 /* Segues.app */,
				66DBFB9B1B170D3E00A8F842 /* SeguesTests.xctest */,
			);
			name = Products;
			sourceTree = "<group>";
		};
		66DBFB881B170D3E00A8F842 /* Segues */ = {
			isa = PBXGroup;
			children = (
				66DBFB8B1B170D3E00A8F842 /* AppDelegate.swift */,
				66DBFB8F1B170D3E00A8F842 /* Main.storyboard */,
				66DBFB921B170D3E00A8F842 /* Images.xcassets */,
				66DBFB941B170D3E00A8F842 /* LaunchScreen.xib */,
				66DBFB891B170D3E00A8F842 /* Supporting Files */,
			);
			path = Segues;
			sourceTree = "<group>";
		};
		66DBFB891B170D3E00A8F842 /* Supporting Files */ = {
			isa = PBXGroup;
			children = (
				66DBFB8A1B170D3E00A8F842 /* Info.plist */,
			);
			name = "Supporting Files";
			sourceTree = "<group>";
		};
		66DBFB9E1B170D3E00A8F842 /* SeguesTests */ = {
			isa = PBXGroup;
			children = (
				66DBFBA11B170D3E00A8F842 /* SeguesTests.swift */,
				66DBFB9F1B170D3E00A8F842 /* Supporting Files */,
			);
			path = SeguesTests;
			sourceTree = "<group>";
		};
		66DBFB9F1B170D3E00A8F842 /* Supporting Files */ = {
			isa = PBXGroup;
			children = (
				66DBFBA01B170D3E00A8F842 /* Info.plist */,
			);
			name = "Supporting Files";
			sourceTree = "<group>";
		};
		66DBFBAB1B170D7700A8F842 /* View Controllers */ = {
			isa = PBXGroup;
			children = (
				66DBFB8D1B170D3E00A8F842 /* SegueTestViewController.swift */,
				66DBFBAC1B170FA300A8F842 /* SegueSecondViewController.swift */,
			);
			name = "View Controllers";
			sourceTree = "<group>";
		};
/* End PBXGroup section */

/* Begin PBXNativeTarget section */
		66DBFB851B170D3E00A8F842 /* Segues */ = {
			isa = PBXNativeTarget;
			buildConfigurationList = 66DBFBA51B170D3E00A8F842 /* Build configuration list for PBXNativeTarget "Segues" */;
			buildPhases = (
				66DBFB821B170D3E00A8F842 /* Sources */,
				66DBFB831B170D3E00A8F842 /* Frameworks */,
				66DBFB841B170D3E00A8F842 /* Resources */,
			);
			buildRules = (
			);
			dependencies = (
			);
			name = Segues;
			productName = Segues;
			productReference = 66DBFB861B170D3E00A8F842 /* Segues.app */;
			productType = "com.apple.product-type.application";
		};
		66DBFB9A1B170D3E00A8F842 /* SeguesTests */ = {
			isa = PBXNativeTarget;
			buildConfigurationList = 66DBFBA81B170D3E00A8F842 /* Build configuration list for PBXNativeTarget "SeguesTests" */;
			buildPhases = (
				66DBFB971B170D3E00A8F842 /* Sources */,
				66DBFB981B170D3E00A8F842 /* Frameworks */,
				66DBFB991B170D3E00A8F842 /* Resources */,
			);
			buildRules = (
			);
			dependencies = (
				66DBFB9D1B170D3E00A8F842 /* PBXTargetDependency */,
			);
			name = SeguesTests;
			productName = SeguesTests;
			productReference = 66DBFB9B1B170D3E00A8F842 /* SeguesTests.xctest */;
			productType = "com.apple.product-type.bundle.unit-test";
		};
/* End PBXNativeTarget section */

/* Begin PBXProject section */
		66DBFB7E1B170D3E00A8F842 /* Project object */ = {
			isa = PBXProject;
			attributes = {
				LastUpgradeCheck = 0630;
				ORGANIZATIONNAME = "Adam Corcoran";
				TargetAttributes = {
					66DBFB851B170D3E00A8F842 = {
						CreatedOnToolsVersion = 6.3.2;
					};
					66DBFB9A1B170D3E00A8F842 = {
						CreatedOnToolsVersion = 6.3.2;
						TestTargetID = 66DBFB851B170D3E00A8F842;
					};
				};
			};
			buildConfigurationList = 66DBFB811B170D3E00A8F842 /* Build configuration list for PBXProject "Segues" */;
			compatibilityVersion = "Xcode 3.2";
			developmentRegion = English;
			hasScannedForEncodings = 0;
			knownRegions = (
				en,
				Base,
			);
			mainGroup = 66DBFB7D1B170D3E00A8F842;
			productRefGroup = 66DBFB871B170D3E00A8F842 /* Products */;
			projectDirPath = "";
			projectRoot = "";
			targets = (
				66DBFB851B170D3E00A8F842 /* Segues */,
				66DBFB9A1B170D3E00A8F842 /* SeguesTests */,
			);
		};
/* End PBXProject section */

/* Begin PBXResourcesBuildPhase section */
		66DBFB841B170D3E00A8F842 /* Resources */ = {
			isa = PBXResourcesBuildPhase;
			buildActionMask = 2147483647;
			files = (
				66DBFB911B170D3E00A8F842 /* Main.storyboard in Resources */,
				66DBFB961B170D3E00A8F842 /* LaunchScreen.xib in Resources */,
				66DBFB931B170D3E00A8F842 /* Images.xcassets in Resources */,
			);
			runOnlyForDeploymentPostprocessing = 0;
		};
		66DBFB991B170D3E00A8F842 /* Resources */ = {
			isa = PBXResourcesBuildPhase;
			buildActionMask = 2147483647;
			files = (
			);
			runOnlyForDeploymentPostprocessing = 0;
		};
/* End PBXResourcesBuildPhase section */

/* Begin PBXSourcesBuildPhase section */
		66DBFB821B170D3E00A8F842 /* Sources */ = {
			isa = PBXSourcesBuildPhase;
			buildActionMask = 2147483647;
			files = (
				66DBFB8E1B170D3E00A8F842 /* SegueTestViewController.swift in Sources */,
				66DBFBAD1B170FA300A8F842 /* SegueSecondViewController.swift in Sources */,
				66DBFB8C1B170D3E00A8F842 /* AppDelegate.swift in Sources */,
			);
			runOnlyForDeploymentPostprocessing = 0;
		};
		66DBFB971B170D3E00A8F842 /* Sources */ = {
			isa = PBXSourcesBuildPhase;
			buildActionMask = 2147483647;
			files = (
				66DBFBA21B170D3E00A8F842 /* SeguesTests.swift in Sources */,
			);
			runOnlyForDeploymentPostprocessing = 0;
		};
/* End PBXSourcesBuildPhase section */

/* Begin PBXTargetDependency section */
		66DBFB9D1B170D3E00A8F842 /* PBXTargetDependency */ = {
			isa = PBXTargetDependency;
			target = 66DBFB851B170D3E00A8F842 /* Segues */;
			targetProxy = 66DBFB9C1B170D3E00A8F842 /* PBXContainerItemProxy */;
		};
/* End PBXTargetDependency section */

/* Begin PBXVariantGroup section */
		66DBFB8F1B170D3E00A8F842 /* Main.storyboard */ = {
			isa = PBXVariantGroup;
			children = (
				66DBFB901B170D3E00A8F842 /* Base */,
			);
			name = Main.storyboard;
			sourceTree = "<group>";
		};
		66DBFB941B170D3E00A8F842 /* LaunchScreen.xib */ = {
			isa = PBXVariantGroup;
			children = (
				66DBFB951B170D3E00A8F842 /* Base */,
			);
			name = LaunchScreen.xib;
			sourceTree = "<group>";
		};
/* End PBXVariantGroup section */

/* Begin XCBuildConfiguration section */
		66DBFBA31B170D3E00A8F842 /* Debug */ = {
			isa = XCBuildConfiguration;
			buildSettings = {
				ALWAYS_SEARCH_USER_PATHS = NO;
				CLANG_CXX_LANGUAGE_STANDARD = "gnu++0x";
				CLANG_CXX_LIBRARY = "libc++";
				CLANG_ENABLE_MODULES = YES;
				CLANG_ENABLE_OBJC_ARC = YES;
				CLANG_WARN_BOOL_CONVERSION = YES;
				CLANG_WARN_CONSTANT_CONVERSION = YES;
				CLANG_WARN_DIRECT_OBJC_ISA_USAGE = YES_ERROR;
				CLANG_WARN_EMPTY_BODY = YES;
				CLANG_WARN_ENUM_CONVERSION = YES;
				CLANG_WARN_INT_CONVERSION = YES;
				CLANG_WARN_OBJC_ROOT_CLASS = YES_ERROR;
				CLANG_WARN_UNREACHABLE_CODE = YES;
				CLANG_WARN__DUPLICATE_METHOD_MATCH = YES;
				"CODE_SIGN_IDENTITY[sdk=iphoneos*]" = "iPhone Developer";
				COPY_PHASE_STRIP = NO;
				DEBUG_INFORMATION_FORMAT = "dwarf-with-dsym";
				ENABLE_STRICT_OBJC_MSGSEND = YES;
				GCC_C_LANGUAGE_STANDARD = gnu99;
				GCC_DYNAMIC_NO_PIC = NO;
				GCC_NO_COMMON_BLOCKS = YES;
				GCC_OPTIMIZATION_LEVEL = 0;
				GCC_PREPROCESSOR_DEFINITIONS = (
					"DEBUG=1",
					"$(inherited)",
				);
				GCC_SYMBOLS_PRIVATE_EXTERN = NO;
				GCC_WARN_64_TO_32_BIT_CONVERSION = YES;
				GCC_WARN_ABOUT_RETURN_TYPE = YES_ERROR;
				GCC_WARN_UNDECLARED_SELECTOR = YES;
				GCC_WARN_UNINITIALIZED_AUTOS = YES_AGGRESSIVE;
				GCC_WARN_UNUSED_FUNCTION = YES;
				GCC_WARN_UNUSED_VARIABLE = YES;
				IPHONEOS_DEPLOYMENT_TARGET = 8.3;
				MTL_ENABLE_DEBUG_INFO = YES;
				ONLY_ACTIVE_ARCH = YES;
				SDKROOT = iphoneos;
				SWIFT_OPTIMIZATION_LEVEL = "-Onone";
				TARGETED_DEVICE_FAMILY = "1,2";
			};
			name = Debug;
		};
		66DBFBA41B170D3E00A8F842 /* Release */ = {
			isa = XCBuildConfiguration;
			buildSettings = {
				ALWAYS_SEARCH_USER_PATHS = NO;
				CLANG_CXX_LANGUAGE_STANDARD = "gnu++0x";
				CLANG_CXX_LIBRARY = "libc++";
				CLANG_ENABLE_MODULES = YES;
				CLANG_ENABLE_OBJC_ARC = YES;
				CLANG_WARN_BOOL_CONVERSION = YES;
				CLANG_WARN_CONSTANT_CONVERSION = YES;
				CLANG_WARN_DIRECT_OBJC_ISA_USAGE = YES_ERROR;
				CLANG_WARN_EMPTY_BODY = YES;
				CLANG_WARN_ENUM_CONVERSION = YES;
				CLANG_WARN_INT_CONVERSION = YES;
				CLANG_WARN_OBJC_ROOT_CLASS = YES_ERROR;
				CLANG_WARN_UNREACHABLE_CODE = YES;
				CLANG_WARN__DUPLICATE_METHOD_MATCH = YES;
				"CODE_SIGN_IDENTITY[sdk=iphoneos*]" = "iPhone Developer";
				COPY_PHASE_STRIP = NO;
				DEBUG_INFORMATION_FORMAT = "dwarf-with-dsym";
				ENABLE_NS_ASSERTIONS = NO;
				ENABLE_STRICT_OBJC_MSGSEND = YES;
				GCC_C_LANGUAGE_STANDARD = gnu99;
				GCC_NO_COMMON_BLOCKS = YES;
				GCC_WARN_64_TO_32_BIT_CONVERSION = YES;
				GCC_WARN_ABOUT_RETURN_TYPE = YES_ERROR;
				GCC_WARN_UNDECLARED_SELECTOR = YES;
				GCC_WARN_UNINITIALIZED_AUTOS = YES_AGGRESSIVE;
				GCC_WARN_UNUSED_FUNCTION = YES;
				GCC_WARN_UNUSED_VARIABLE = YES;
				IPHONEOS_DEPLOYMENT_TARGET = 8.3;
				MTL_ENABLE_DEBUG_INFO = NO;
				SDKROOT = iphoneos;
				TARGETED_DEVICE_FAMILY = "1,2";
				VALIDATE_PRODUCT = YES;
			};
			name = Release;
		};
		66DBFBA61B170D3E00A8F842 /* Debug */ = {
			isa = XCBuildConfiguration;
			buildSettings = {
				ASSETCATALOG_COMPILER_APPICON_NAME = AppIcon;
				INFOPLIST_FILE = Segues/Info.plist;
				LD_RUNPATH_SEARCH_PATHS = "$(inherited) @executable_path/Frameworks";
				PRODUCT_NAME = "$(TARGET_NAME)";
			};
			name = Debug;
		};
		66DBFBA71B170D3E00A8F842 /* Release */ = {
			isa = XCBuildConfiguration;
			buildSettings = {
				ASSETCATALOG_COMPILER_APPICON_NAME = AppIcon;
				INFOPLIST_FILE = Segues/Info.plist;
				LD_RUNPATH_SEARCH_PATHS = "$(inherited) @executable_path/Frameworks";
				PRODUCT_NAME = "$(TARGET_NAME)";
			};
			name = Release;
		};
		66DBFBA91B170D3E00A8F842 /* Debug */ = {
			isa = XCBuildConfiguration;
			buildSettings = {
				BUNDLE_LOADER = "$(TEST_HOST)";
				FRAMEWORK_SEARCH_PATHS = (
					"$(SDKROOT)/Developer/Library/Frameworks",
					"$(inherited)",
				);
				GCC_PREPROCESSOR_DEFINITIONS = (
					"DEBUG=1",
					"$(inherited)",
				);
				INFOPLIST_FILE = SeguesTests/Info.plist;
				LD_RUNPATH_SEARCH_PATHS = "$(inherited) @executable_path/Frameworks @loader_path/Frameworks";
				PRODUCT_NAME = "$(TARGET_NAME)";
				TEST_HOST = "$(BUILT_PRODUCTS_DIR)/Segues.app/Segues";
			};
			name = Debug;
		};
		66DBFBAA1B170D3E00A8F842 /* Release */ = {
			isa = XCBuildConfiguration;
			buildSettings = {
				BUNDLE_LOADER = "$(TEST_HOST)";
				FRAMEWORK_SEARCH_PATHS = (
					"$(SDKROOT)/Developer/Library/Frameworks",
					"$(inherited)",
				);
				INFOPLIST_FILE = SeguesTests/Info.plist;
				LD_RUNPATH_SEARCH_PATHS = "$(inherited) @executable_path/Frameworks @loader_path/Frameworks";
				PRODUCT_NAME = "$(TARGET_NAME)";
				TEST_HOST = "$(BUILT_PRODUCTS_DIR)/Segues.app/Segues";
			};
			name = Release;
		};
/* End XCBuildConfiguration section */

/* Begin XCConfigurationList section */
		66DBFB811B170D3E00A8F842 /* Build configuration list for PBXProject "Segues" */ = {
			isa = XCConfigurationList;
			buildConfigurations = (
				66DBFBA31B170D3E00A8F842 /* Debug */,
				66DBFBA41B170D3E00A8F842 /* Release */,
			);
			defaultConfigurationIsVisible = 0;
			defaultConfigurationName = Release;
		};
		66DBFBA51B170D3E00A8F842 /* Build configuration list for PBXNativeTarget "Segues" */ = {
			isa = XCConfigurationList;
			buildConfigurations = (
				66DBFBA61B170D3E00A8F842 /* Debug */,
				66DBFBA71B170D3E00A8F842 /* Release */,
			);
			defaultConfigurationIsVisible = 0;
		};
		66DBFBA81B170D3E00A8F842 /* Build configuration list for PBXNativeTarget "SeguesTests" */ = {
			isa = XCConfigurationList;
			buildConfigurations = (
				66DBFBA91B170D3E00A8F842 /* Debug */,
				66DBFBAA1B170D3E00A8F842 /* Release */,
			);
			defaultConfigurationIsVisible = 0;
		};
/* End XCConfigurationList section */
	};
	rootObject = 66DBFB7E1B170D3E00A8F842 /* Project object */;
}
